{
  "name": "color-orb",
  "version": "1.0.0",
  "lockfileVersion": 3,
  "requires": true,
  "packages": {
    "": {
      "name": "color-orb",
      "version": "1.0.0",
      "dependencies": {
        "@github/copilot-sdk": "latest"
      }
    },
    "node_modules/@github/copilot": {
      "version": "1.0.55-7",
      "resolved": "https://registry.npmjs.org/@github/copilot/-/copilot-1.0.55-7.tgz",
      "integrity": "sha512-TczFrIaHH2sel6FM007H4FzT+Ipkj++I5u8Vx2ECWz9u24H7WOx/RpWcp6ExnSY1KSK1MtXaGcniAuqVi8Khaw==",
      "license": "SEE LICENSE IN LICENSE.md",
      "dependencies": {
        "detect-libc": "^2.1.2"
      },
      "bin": {
        "copilot": "npm-loader.js"
      },
      "optionalDependencies": {
        "@github/copilot-darwin-arm64": "1.0.55-7",
        "@github/copilot-darwin-x64": "1.0.55-7",
        "@github/copilot-linux-arm64": "1.0.55-7",
        "@github/copilot-linux-x64": "1.0.55-7",
        "@github/copilot-linuxmusl-arm64": "1.0.55-7",
        "@github/copilot-linuxmusl-x64": "1.0.55-7",
        "@github/copilot-win32-arm64": "1.0.55-7",
        "@github/copilot-win32-x64": "1.0.55-7"
      }
    },
    "node_modules/@github/copilot-darwin-arm64": {
      "version": "1.0.55-7",
      "resolved": "https://registry.npmjs.org/@github/copilot-darwin-arm64/-/copilot-darwin-arm64-1.0.55-7.tgz",
      "integrity": "sha512-QReU4F5+W0x/Nuc6qO+xYPeNnRjuHIIAeMBc1S+RFQ0T+YWynxRzNHGs9ZkUiIcLJ1F/y8GDq6sq7760Cn+onQ==",
      "cpu": [
        "arm64"
      ],
      "license": "SEE LICENSE IN LICENSE.md",
      "optional": true,
      "os": [
        "darwin"
      ],
      "bin": {
        "copilot-darwin-arm64": "copilot"
      }
    },
    "node_modules/@github/copilot-darwin-x64": {
      "version": "1.0.55-7",
      "resolved": "https://registry.npmjs.org/@github/copilot-darwin-x64/-/copilot-darwin-x64-1.0.55-7.tgz",
      "integrity": "sha512-qQ0d+XyvIPbNiaIydHBSCTQfWK5s0x1XnlrUKSzadgOnsFobGeldLSKtB159zJEiz0F/in5ythiUGJjWoAQVrA==",
      "cpu": [
        "x64"
      ],
      "license": "SEE LICENSE IN LICENSE.md",
      "optional": true,
      "os": [
        "darwin"
      ],
      "bin": {
        "copilot-darwin-x64": "copilot"
      }
    },
    "node_modules/@github/copilot-linux-arm64": {
      "version": "1.0.55-7",
      "resolved": "https://registry.npmjs.org/@github/copilot-linux-arm64/-/copilot-linux-arm64-1.0.55-7.tgz",
      "integrity": "sha512-+2zlHahK3fUfkrnlHqbdQsZMPZwRfchoTxDZd9UHbEhQF7eNLzYN+7frWs6AZujU+h/1i92+mcLT18AQXI3KxQ==",
      "cpu": [
        "arm64"
      ],
      "libc": [
        "glibc"
      ],
      "license": "SEE LICENSE IN LICENSE.md",
      "optional": true,
      "os": [
        "linux"
      ],
      "bin": {
        "copilot-linux-arm64": "copilot"
      }
    },
    "node_modules/@github/copilot-linux-x64": {
      "version": "1.0.55-7",
      "resolved": "https://registry.npmjs.org/@github/copilot-linux-x64/-/copilot-linux-x64-1.0.55-7.tgz",
      "integrity": "sha512-SGmvWcJHIKDIsjYZdFQloGw3Re6r2N1Zv1VuB1yV1ClVqfG5i5pTvai6vzX8d3WgGgRzrkLksDrzZKR27zJZ7A==",
      "cpu": [
        "x64"
      ],
      "libc": [
        "glibc"
      ],
      "license": "SEE LICENSE IN LICENSE.md",
      "optional": true,
      "os": [
        "linux"
      ],
      "bin": {
        "copilot-linux-x64": "copilot"
      }
    },
    "node_modules/@github/copilot-linuxmusl-arm64": {
      "version": "1.0.55-7",
      "resolved": "https://registry.npmjs.org/@github/copilot-linuxmusl-arm64/-/copilot-linuxmusl-arm64-1.0.55-7.tgz",
      "integrity": "sha512-rJkZLvz4KeGoLgyX6gcONgTNfFxeoQvN4jaAXlbD1nFP3hJbLTuY0CB4fBHmZWktrPkRL/j5aDGxrcIcl+Xg3A==",
      "cpu": [
        "arm64"
      ],
      "libc": [
        "musl"
      ],
      "license": "SEE LICENSE IN LICENSE.md",
      "optional": true,
      "os": [
        "linux"
      ],
      "bin": {
        "copilot-linuxmusl-arm64": "copilot"
      }
    },
    "node_modules/@github/copilot-linuxmusl-x64": {
      "version": "1.0.55-7",
      "resolved": "https://registry.npmjs.org/@github/copilot-linuxmusl-x64/-/copilot-linuxmusl-x64-1.0.55-7.tgz",
      "integrity": "sha512-uPb08qgJHY1QW2YhA1OBJ9PB0CDwCvtuttWbeZ+AW+qfFVsvBpARU1cdEl/xT4IXMhBFoJiePv3BnLGjVZtoWA==",
      "cpu": [
        "x64"
      ],
      "libc": [
        "musl"
      ],
      "license": "SEE LICENSE IN LICENSE.md",
      "optional": true,
      "os": [
        "linux"
      ],
      "bin": {
        "copilot-linuxmusl-x64": "copilot"
      }
    },
    "node_modules/@github/copilot-sdk": {
      "version": "1.0.0-beta.9",
      "resolved": "https://registry.npmjs.org/@github/copilot-sdk/-/copilot-sdk-1.0.0-beta.9.tgz",
      "integrity": "sha512-D4yiGL4/faFCjL7bozhX7bgxt/x1wp2LZ2p9Tw+xrA5hbcLh5Be5kPen+bFA8NbVfgt1G2djDYFZlrZjXXmcBw==",
      "license": "MIT",
      "dependencies": {
        "@github/copilot": "^1.0.55-5",
        "vscode-jsonrpc": "^8.2.1",
        "zod": "^4.3.6"
      },
      "engines": {
        "node": ">=20.0.0"
      }
    },
    "node_modules/@github/copilot-win32-arm64": {
      "version": "1.0.55-7",
      "resolved": "https://registry.npmjs.org/@github/copilot-win32-arm64/-/copilot-win32-arm64-1.0.55-7.tgz",
      "integrity": "sha512-mb4Sg2sJjmK9Rq8XCRuhoIOjUScB5p2Ct9ZtTbC3ipvONWMOMjYPbLvC8K9GAHcYcHLdv98hvzv3+qjBhb5tZQ==",
      "cpu": [
        "arm64"
      ],
      "license": "SEE LICENSE IN LICENSE.md",
      "optional": true,
      "os": [
        "win32"
      ],
      "bin": {
        "copilot-win32-arm64": "copilot.exe"
      }
    },
    "node_modules/@github/copilot-win32-x64": {
      "version": "1.0.55-7",
      "resolved": "https://registry.npmjs.org/@github/copilot-win32-x64/-/copilot-win32-x64-1.0.55-7.tgz",
      "integrity": "sha512-GL9jAtkn2Kx4IO9ZfTiMC3LFd539KuuOx3uOIKciWKMuCvcfct0rdVkXlDr+EnrmPzu1A4PavcJ0RScpI39jUQ==",
      "cpu": [
        "x64"
      ],
      "license": "SEE LICENSE IN LICENSE.md",
      "optional": true,
      "os": [
        "win32"
      ],
      "bin": {
        "copilot-win32-x64": "copilot.exe"
      }
    },
    "node_modules/detect-libc": {
      "version": "2.1.2",
      "resolved": "https://registry.npmjs.org/detect-libc/-/detect-libc-2.1.2.tgz",
      "integrity": "sha512-Btj2BOOO83o3WyH59e8MgXsxEQVcarkUOpEYrubB0urwnN10yQ364rsiByU11nZlqWYZm05i/of7io4mzihBtQ==",
      "license": "Apache-2.0",
      "engines": {
        "node": ">=8"
      }
    },
    "node_modules/vscode-jsonrpc": {
      "version": "8.2.1",
      "resolved": "https://registry.npmjs.org/vscode-jsonrpc/-/vscode-jsonrpc-8.2.1.tgz",
      "integrity": "sha512-kdjOSJ2lLIn7r1rtrMbbNCHjyMPfRnowdKjBQ+mGq6NAW5QY2bEZC/khaC5OR8svbbjvLEaIXkOq45e2X9BIbQ==",
      "license": "MIT",
      "engines": {
        "node": ">=14.0.0"
      }
    },
    "node_modules/zod": {
      "version": "4.4.3",
      "resolved": "https://registry.npmjs.org/zod/-/zod-4.4.3.tgz",
      "integrity": "sha512-ytENFjIJFl2UwYglde2jchW2Hwm4GJFLDiSXWdTrJQBIN9Fcyp7n4DhxJEiWNAJMV1/BqWfW/kkg71UDcHJyTQ==",
      "license": "MIT",
      "funding": {
        "url": "https://github.com/sponsors/colinhacks"
      }
    }
  }
}
